// !$*UTF8*$!
{
	archiveVersion = 1;
	classes = {
	};
	objectVersion = 46;
	objects = {

/* Begin PBXBuildFile section */
		B1ADE7EB1F4179BF00CFD1B8 /* main.m in Sources */ = {isa = PBXBuildFile; fileRef = B1ADE7EA1F4179BF00CFD1B8 /* main.m */; };
		B1ADE7EE1F4179BF00CFD1B8 /* AppDelegate.m in Sources */ = {isa = PBXBuildFile; fileRef = B1ADE7ED1F4179BF00CFD1B8 /* AppDelegate.m */; };
		B1ADE7F11F4179BF00CFD1B8 /* ViewController.m in Sources */ = {isa = PBXBuildFile; fileRef = B1ADE7F01F4179BF00CFD1B8 /* ViewController.m */; };
		B1ADE7F41F4179BF00CFD1B8 /* Main.storyboard in Resources */ = {isa = PBXBuildFile; fileRef = B1ADE7F21F4179BF00CFD1B8 /* Main.storyboard */; };
		B1ADE7F61F4179BF00CFD1B8 /* Assets.xcassets in Resources */ = {isa = PBXBuildFile; fileRef = B1ADE7F51F4179BF00CFD1B8 /* Assets.xcassets */; };
		B1ADE7F91F4179BF00CFD1B8 /* LaunchScreen.storyboard in Resources */ = {isa = PBXBuildFile; fileRef = B1ADE7F71F4179BF00CFD1B8 /* LaunchScreen.storyboard */; };
		B1ADE8041F4179BF00CFD1B8 /* FirstTests.m in Sources */ = {isa = PBXBuildFile; fileRef = B1ADE8031F4179BF00CFD1B8 /* FirstTests.m */; };
		B1ADE80F1F4179BF00CFD1B8 /* FirstUITests.m in Sources */ = {isa = PBXBuildFile; fileRef = B1ADE80E1F4179BF00CFD1B8 /* FirstUITests.m */; };
		B1ADE8911F417B4500CFD1B8 /* Connector_First.m in Sources */ = {isa = PBXBuildFile; fileRef = B1ADE8881F417B4500CFD1B8 /* Connector_First.m */; };
		B1ADE8921F417B4500CFD1B8 /* DetailPlugin.m in Sources */ = {isa = PBXBuildFile; fileRef = B1ADE88A1F417B4500CFD1B8 /* DetailPlugin.m */; };
		B1ADE8931F417B4500CFD1B8 /* FirstDetailViewController.m in Sources */ = {isa = PBXBuildFile; fileRef = B1ADE88C1F417B4500CFD1B8 /* FirstDetailViewController.m */; };
		B1ADE8941F417B4500CFD1B8 /* FirstViewController.m in Sources */ = {isa = PBXBuildFile; fileRef = B1ADE88E1F417B4500CFD1B8 /* FirstViewController.m */; };
		B1ADE8951F417B4500CFD1B8 /* FirstViewUserInfo.m in Sources */ = {isa = PBXBuildFile; fileRef = B1ADE8901F417B4500CFD1B8 /* FirstViewUserInfo.m */; };
		B1ADE8AF1F41816400CFD1B8 /* First.podspec in Resources */ = {isa = PBXBuildFile; fileRef = B1ADE8AE1F41816400CFD1B8 /* First.podspec */; };
		B1ADE9051F42DED600CFD1B8 /* Podfile in Resources */ = {isa = PBXBuildFile; fileRef = B1ADE9041F42DED600CFD1B8 /* Podfile */; };
		B1ADE91D1F43DEAF00CFD1B8 /* HLAudioPlayer.m in Sources */ = {isa = PBXBuildFile; fileRef = B1ADE91C1F43DEAF00CFD1B8 /* HLAudioPlayer.m */; };
		B1ADE91E1F43E25200CFD1B8 /* libBus.a in Frameworks */ = {isa = PBXBuildFile; fileRef = B1ADE9191F42E80A00CFD1B8 /* libBus.a */; };
		B1ADE91F1F43E25600CFD1B8 /* libCordova.a in Frameworks */ = {isa = PBXBuildFile; fileRef = B1ADE9171F42E80700CFD1B8 /* libCordova.a */; };
		B1ADE9211F43E25A00CFD1B8 /* libPods-First.a in Frameworks */ = {isa = PBXBuildFile; fileRef = B1ADE9201F43E25A00CFD1B8 /* libPods-First.a */; };
/* End PBXBuildFile section */

/* Begin PBXContainerItemProxy section */
		B1ADE8001F4179BF00CFD1B8 /* PBXContainerItemProxy */ = {
			isa = PBXContainerItemProxy;
			containerPortal = B1ADE7DE1F4179BF00CFD1B8 /* Project object */;
			proxyType = 1;
			remoteGlobalIDString = B1ADE7E51F4179BF00CFD1B8;
			remoteInfo = First;
		};
		B1ADE80B1F4179BF00CFD1B8 /* PBXContainerItemProxy */ = {
			isa = PBXContainerItemProxy;
			containerPortal = B1ADE7DE1F4179BF00CFD1B8 /* Project object */;
			proxyType = 1;
			remoteGlobalIDString = B1ADE7E51F4179BF00CFD1B8;
			remoteInfo = First;
		};
/* End PBXContainerItemProxy section */

/* Begin PBXFileReference section */
		1F4425E185AF640FFCA31540 /* libPods-First.a */ = {isa = PBXFileReference; explicitFileType = archive.ar; includeInIndex = 0; path = "libPods-First.a"; sourceTree = BUILT_PRODUCTS_DIR; };
		3C573B2C6541881D03429A64 /* Pods-First.debug.xcconfig */ = {isa = PBXFileReference; includeInIndex = 1; lastKnownFileType = text.xcconfig; name = "Pods-First.debug.xcconfig"; path = "Pods/Target Support Files/Pods-First/Pods-First.debug.xcconfig"; sourceTree = "<group>"; };
		B1ADE7E61F4179BF00CFD1B8 /* First.app */ = {isa = PBXFileReference; explicitFileType = wrapper.application; includeInIndex = 0; path = First.app; sourceTree = BUILT_PRODUCTS_DIR; };
		B1ADE7EA1F4179BF00CFD1B8 /* main.m */ = {isa = PBXFileReference; lastKnownFileType = sourcecode.c.objc; path = main.m; sourceTree = "<group>"; };
		B1ADE7EC1F4179BF00CFD1B8 /* AppDelegate.h */ = {isa = PBXFileReference; lastKnownFileType = sourcecode.c.h; path = AppDelegate.h; sourceTree = "<group>"; };
		B1ADE7ED1F4179BF00CFD1B8 /* AppDelegate.m */ = {isa = PBXFileReference; lastKnownFileType = sourcecode.c.objc; path = AppDelegate.m; sourceTree = "<group>"; };
		B1ADE7EF1F4179BF00CFD1B8 /* ViewController.h */ = {isa = PBXFileReference; lastKnownFileType = sourcecode.c.h; path = ViewController.h; sourceTree = "<group>"; };
		B1ADE7F01F4179BF00CFD1B8 /* ViewController.m */ = {isa = PBXFileReference; lastKnownFileType = sourcecode.c.objc; path = ViewController.m; sourceTree = "<group>"; };
		B1ADE7F31F4179BF00CFD1B8 /* Base */ = {isa = PBXFileReference; lastKnownFileType = file.storyboard; name = Base; path = Base.lproj/Main.storyboard; sourceTree = "<group>"; };
		B1ADE7F51F4179BF00CFD1B8 /* Assets.xcassets */ = {isa = PBXFileReference; lastKnownFileType = folder.assetcatalog; path = Assets.xcassets; sourceTree = "<group>"; };
		B1ADE7F81F4179BF00CFD1B8 /* Base */ = {isa = PBXFileReference; lastKnownFileType = file.storyboard; name = Base; path = Base.lproj/LaunchScreen.storyboard; sourceTree = "<group>"; };
		B1ADE7FA1F4179BF00CFD1B8 /* Info.plist */ = {isa = PBXFileReference; lastKnownFileType = text.plist.xml; path = Info.plist; sourceTree = "<group>"; };
		B1ADE7FF1F4179BF00CFD1B8 /* FirstTests.xctest */ = {isa = PBXFileReference; explicitFileType = wrapper.cfbundle; includeInIndex = 0; path = FirstTests.xctest; sourceTree = BUILT_PRODUCTS_DIR; };
		B1ADE8031F4179BF00CFD1B8 /* FirstTests.m */ = {isa = PBXFileReference; lastKnownFileType = sourcecode.c.objc; path = FirstTests.m; sourceTree = "<group>"; };
		B1ADE8051F4179BF00CFD1B8 /* Info.plist */ = {isa = PBXFileReference; lastKnownFileType = text.plist.xml; path = Info.plist; sourceTree = "<group>"; };
		B1ADE80A1F4179BF00CFD1B8 /* FirstUITests.xctest */ = {isa = PBXFileReference; explicitFileType = wrapper.cfbundle; includeInIndex = 0; path = FirstUITests.xctest; sourceTree = BUILT_PRODUCTS_DIR; };
		B1ADE80E1F4179BF00CFD1B8 /* FirstUITests.m */ = {isa = PBXFileReference; lastKnownFileType = sourcecode.c.objc; path = FirstUITests.m; sourceTree = "<group>"; };
		B1ADE8101F4179BF00CFD1B8 /* Info.plist */ = {isa = PBXFileReference; lastKnownFileType = text.plist.xml; path = Info.plist; sourceTree = "<group>"; };
		B1ADE8871F417B4500CFD1B8 /* Connector_First.h */ = {isa = PBXFileReference; fileEncoding = 4; lastKnownFileType = sourcecode.c.h; name = Connector_First.h; path = First/Connector_First.h; sourceTree = "<group>"; };
		B1ADE8881F417B4500CFD1B8 /* Connector_First.m */ = {isa = PBXFileReference; fileEncoding = 4; lastKnownFileType = sourcecode.c.objc; name = Connector_First.m; path = First/Connector_First.m; sourceTree = "<group>"; };
		B1ADE8891F417B4500CFD1B8 /* DetailPlugin.h */ = {isa = PBXFileReference; fileEncoding = 4; lastKnownFileType = sourcecode.c.h; name = DetailPlugin.h; path = First/DetailPlugin.h; sourceTree = "<group>"; };
		B1ADE88A1F417B4500CFD1B8 /* DetailPlugin.m */ = {isa = PBXFileReference; fileEncoding = 4; lastKnownFileType = sourcecode.c.objc; name = DetailPlugin.m; path = First/DetailPlugin.m; sourceTree = "<group>"; };
		B1ADE88B1F417B4500CFD1B8 /* FirstDetailViewController.h */ = {isa = PBXFileReference; fileEncoding = 4; lastKnownFileType = sourcecode.c.h; name = FirstDetailViewController.h; path = First/FirstDetailViewController.h; sourceTree = "<group>"; };
		B1ADE88C1F417B4500CFD1B8 /* FirstDetailViewController.m */ = {isa = PBXFileReference; fileEncoding = 4; lastKnownFileType = sourcecode.c.objc; name = FirstDetailViewController.m; path = First/FirstDetailViewController.m; sourceTree = "<group>"; };
		B1ADE88D1F417B4500CFD1B8 /* FirstViewController.h */ = {isa = PBXFileReference; fileEncoding = 4; lastKnownFileType = sourcecode.c.h; name = FirstViewController.h; path = First/FirstViewController.h; sourceTree = "<group>"; };
		B1ADE88E1F417B4500CFD1B8 /* FirstViewController.m */ = {isa = PBXFileReference; fileEncoding = 4; lastKnownFileType = sourcecode.c.objc; name = FirstViewController.m; path = First/FirstViewController.m; sourceTree = "<group>"; };
		B1ADE88F1F417B4500CFD1B8 /* FirstViewUserInfo.h */ = {isa = PBXFileReference; fileEncoding = 4; lastKnownFileType = sourcecode.c.h; name = FirstViewUserInfo.h; path = First/FirstViewUserInfo.h; sourceTree = "<group>"; };
		B1ADE8901F417B4500CFD1B8 /* FirstViewUserInfo.m */ = {isa = PBXFileReference; fileEncoding = 4; lastKnownFileType = sourcecode.c.objc; name = FirstViewUserInfo.m; path = First/FirstViewUserInfo.m; sourceTree = "<group>"; };
		B1ADE8A51F417C8800CFD1B8 /* PrefixHeader.pch */ = {isa = PBXFileReference; lastKnownFileType = sourcecode.c.h; path = PrefixHeader.pch; sourceTree = "<group>"; };
		B1ADE8AE1F41816400CFD1B8 /* First.podspec */ = {isa = PBXFileReference; fileEncoding = 4; lastKnownFileType = text; path = First.podspec; sourceTree = SOURCE_ROOT; };
		B1ADE9041F42DED600CFD1B8 /* Podfile */ = {isa = PBXFileReference; fileEncoding = 4; lastKnownFileType = text; path = Podfile; sourceTree = SOURCE_ROOT; xcLanguageSpecificationIdentifier = xcode.lang.ruby; };
		B1ADE9151F42E7EC00CFD1B8 /* ModelUserInfoItemPrt.h */ = {isa = PBXFileReference; lastKnownFileType = sourcecode.c.h; path = ModelUserInfoItemPrt.h; sourceTree = "<group>"; };
		B1ADE9161F42E7EC00CFD1B8 /* ModelUserInfoServicePrt.h */ = {isa = PBXFileReference; lastKnownFileType = sourcecode.c.h; path = ModelUserInfoServicePrt.h; sourceTree = "<group>"; };
		B1ADE9171F42E80700CFD1B8 /* libCordova.a */ = {isa = PBXFileReference; lastKnownFileType = archive.ar; name = libCordova.a; path = "../../../../Library/Developer/Xcode/DerivedData/First-dpfkyqjvypksnccssiarlxklfhug/Build/Products/Debug-iphonesimulator/Cordova/libCordova.a"; sourceTree = "<group>"; };
		B1ADE9191F42E80A00CFD1B8 /* libBus.a */ = {isa = PBXFileReference; lastKnownFileType = archive.ar; name = libBus.a; path = "../../../../Library/Developer/Xcode/DerivedData/First-dpfkyqjvypksnccssiarlxklfhug/Build/Products/Debug-iphonesimulator/Bus/libBus.a"; sourceTree = "<group>"; };
		B1ADE91B1F43DEAF00CFD1B8 /* HLAudioPlayer.h */ = {isa = PBXFileReference; fileEncoding = 4; lastKnownFileType = sourcecode.c.h; name = HLAudioPlayer.h; path = First/HLAudioPlayer.h; sourceTree = "<group>"; };
		B1ADE91C1F43DEAF00CFD1B8 /* HLAudioPlayer.m */ = {isa = PBXFileReference; fileEncoding = 4; lastKnownFileType = sourcecode.c.objc; name = HLAudioPlayer.m; path = First/HLAudioPlayer.m; sourceTree = "<group>"; };
		B1ADE9201F43E25A00CFD1B8 /* libPods-First.a */ = {isa = PBXFileReference; lastKnownFileType = archive.ar; name = "libPods-First.a"; path = "../../../../Library/Developer/Xcode/DerivedData/First-dpfkyqjvypksnccssiarlxklfhug/Build/Products/Debug-iphonesimulator/libPods-First.a"; sourceTree = "<group>"; };
		D9519C41CED27DCFA0BAA410 /* Pods-First.release.xcconfig */ = {isa = PBXFileReference; includeInIndex = 1; lastKnownFileType = text.xcconfig; name = "Pods-First.release.xcconfig"; path = "Pods/Target Support Files/Pods-First/Pods-First.release.xcconfig"; sourceTree = "<group>"; };
/* End PBXFileReference section */

/* Begin PBXFrameworksBuildPhase section */
		B1ADE7E31F4179BF00CFD1B8 /* Frameworks */ = {
			isa = PBXFrameworksBuildPhase;
			buildActionMask = 2147483647;
			files = (
				B1ADE9211F43E25A00CFD1B8 /* libPods-First.a in Frameworks */,
				B1ADE91F1F43E25600CFD1B8 /* libCordova.a in Frameworks */,
				B1ADE91E1F43E25200CFD1B8 /* libBus.a in Frameworks */,
			);
			runOnlyForDeploymentPostprocessing = 0;
		};
		B1ADE7FC1F4179BF00CFD1B8 /* Frameworks */ = {
			isa = PBXFrameworksBuildPhase;
			buildActionMask = 2147483647;
			files = (
			);
			runOnlyForDeploymentPostprocessing = 0;
		};
		B1ADE8071F4179BF00CFD1B8 /* Frameworks */ = {
			isa = PBXFrameworksBuildPhase;
			buildActionMask = 2147483647;
			files = (
			);
			runOnlyForDeploymentPostprocessing = 0;
		};
/* End PBXFrameworksBuildPhase section */

/* Begin PBXGroup section */
		B1ADE7DD1F4179BF00CFD1B8 = {
			isa = PBXGroup;
			children = (
				B1ADE7E81F4179BF00CFD1B8 /* First */,
				B1ADE8021F4179BF00CFD1B8 /* FirstTests */,
				B1ADE80D1F4179BF00CFD1B8 /* FirstUITests */,
				B1ADE7E71F4179BF00CFD1B8 /* Products */,
				C9AD001036DF7CD222EF3C4C /* Pods */,
				EFE304674C254B8F4B3D4E80 /* Frameworks */,
			);
			sourceTree = "<group>";
		};
		B1ADE7E71F4179BF00CFD1B8 /* Products */ = {
			isa = PBXGroup;
			children = (
				B1ADE7E61F4179BF00CFD1B8 /* First.app */,
				B1ADE7FF1F4179BF00CFD1B8 /* FirstTests.xctest */,
				B1ADE80A1F4179BF00CFD1B8 /* FirstUITests.xctest */,
			);
			name = Products;
			sourceTree = "<group>";
		};
		B1ADE7E81F4179BF00CFD1B8 /* First */ = {
			isa = PBXGroup;
			children = (
				B1ADE9141F42E7DF00CFD1B8 /* service */,
				B1ADE7EC1F4179BF00CFD1B8 /* AppDelegate.h */,
				B1ADE7ED1F4179BF00CFD1B8 /* AppDelegate.m */,
				B1ADE7EF1F4179BF00CFD1B8 /* ViewController.h */,
				B1ADE7F01F4179BF00CFD1B8 /* ViewController.m */,
				B1ADE8871F417B4500CFD1B8 /* Connector_First.h */,
				B1ADE8881F417B4500CFD1B8 /* Connector_First.m */,
				B1ADE8891F417B4500CFD1B8 /* DetailPlugin.h */,
				B1ADE88A1F417B4500CFD1B8 /* DetailPlugin.m */,
				B1ADE88B1F417B4500CFD1B8 /* FirstDetailViewController.h */,
				B1ADE88C1F417B4500CFD1B8 /* FirstDetailViewController.m */,
				B1ADE88D1F417B4500CFD1B8 /* FirstViewController.h */,
				B1ADE88E1F417B4500CFD1B8 /* FirstViewController.m */,
				B1ADE88F1F417B4500CFD1B8 /* FirstViewUserInfo.h */,
				B1ADE8901F417B4500CFD1B8 /* FirstViewUserInfo.m */,
				B1ADE91B1F43DEAF00CFD1B8 /* HLAudioPlayer.h */,
				B1ADE91C1F43DEAF00CFD1B8 /* HLAudioPlayer.m */,
				B1ADE8AE1F41816400CFD1B8 /* First.podspec */,
				B1ADE7F21F4179BF00CFD1B8 /* Main.storyboard */,
				B1ADE7F51F4179BF00CFD1B8 /* Assets.xcassets */,
				B1ADE7F71F4179BF00CFD1B8 /* LaunchScreen.storyboard */,
				B1ADE7FA1F4179BF00CFD1B8 /* Info.plist */,
				B1ADE9041F42DED600CFD1B8 /* Podfile */,
				B1ADE7E91F4179BF00CFD1B8 /* Supporting Files */,
			);
			path = First;
			sourceTree = "<group>";
		};
		B1ADE7E91F4179BF00CFD1B8 /* Supporting Files */ = {
			isa = PBXGroup;
			children = (
				B1ADE7EA1F4179BF00CFD1B8 /* main.m */,
				B1ADE8A51F417C8800CFD1B8 /* PrefixHeader.pch */,
			);
			name = "Supporting Files";
			sourceTree = "<group>";
		};
		B1ADE8021F4179BF00CFD1B8 /* FirstTests */ = {
			isa = PBXGroup;
			children = (
				B1ADE8031F4179BF00CFD1B8 /* FirstTests.m */,
				B1ADE8051F4179BF00CFD1B8 /* Info.plist */,
			);
			path = FirstTests;
			sourceTree = "<group>";
		};
		B1ADE80D1F4179BF00CFD1B8 /* FirstUITests */ = {
			isa = PBXGroup;
			children = (
				B1ADE80E1F4179BF00CFD1B8 /* FirstUITests.m */,
				B1ADE8101F4179BF00CFD1B8 /* Info.plist */,
			);
			path = FirstUITests;
			sourceTree = "<group>";
		};
		B1ADE9141F42E7DF00CFD1B8 /* service */ = {
			isa = PBXGroup;
			children = (
				B1ADE9151F42E7EC00CFD1B8 /* ModelUserInfoItemPrt.h */,
				B1ADE9161F42E7EC00CFD1B8 /* ModelUserInfoServicePrt.h */,
			);
			name = service;
			sourceTree = "<group>";
		};
		C9AD001036DF7CD222EF3C4C /* Pods */ = {
			isa = PBXGroup;
			children = (
				3C573B2C6541881D03429A64 /* Pods-First.debug.xcconfig */,
				D9519C41CED27DCFA0BAA410 /* Pods-First.release.xcconfig */,
			);
			name = Pods;
			sourceTree = "<group>";
		};
		EFE304674C254B8F4B3D4E80 /* Frameworks */ = {
			isa = PBXGroup;
			children = (
				B1ADE9201F43E25A00CFD1B8 /* libPods-First.a */,
				B1ADE9191F42E80A00CFD1B8 /* libBus.a */,
				B1ADE9171F42E80700CFD1B8 /* libCordova.a */,
				1F4425E185AF640FFCA31540 /* libPods-First.a */,
			);
			name = Frameworks;
			sourceTree = "<group>";
		};
/* End PBXGroup section */

/* Begin PBXNativeTarget section */
		B1ADE7E51F4179BF00CFD1B8 /* First */ = {
			isa = PBXNativeTarget;
			buildConfigurationList = B1ADE8131F4179BF00CFD1B8 /* Build configuration list for PBXNativeTarget "First" */;
			buildPhases = (
				769C9A95E96C96BFB16A26BF /* [CP] Check Pods Manifest.lock */,
				B1ADE7E21F4179BF00CFD1B8 /* Sources */,
				B1ADE7E31F4179BF00CFD1B8 /* Frameworks */,
				B1ADE7E41F4179BF00CFD1B8 /* Resources */,
				732CA2023B913342F95F5D37 /* [CP] Embed Pods Frameworks */,
				E1A2295293F398B6FED8EB29 /* [CP] Copy Pods Resources */,
			);
			buildRules = (
			);
			dependencies = (
			);
			name = First;
			productName = First;
			productReference = B1ADE7E61F4179BF00CFD1B8 /* First.app */;
			productType = "com.apple.product-type.application";
		};
		B1ADE7FE1F4179BF00CFD1B8 /* FirstTests */ = {
			isa = PBXNativeTarget;
			buildConfigurationList = B1ADE8161F4179BF00CFD1B8 /* Build configuration list for PBXNativeTarget "FirstTests" */;
			buildPhases = (
				B1ADE7FB1F4179BF00CFD1B8 /* Sources */,
				B1ADE7FC1F4179BF00CFD1B8 /* Frameworks */,
				B1ADE7FD1F4179BF00CFD1B8 /* Resources */,
			);
			buildRules = (
			);
			dependencies = (
				B1ADE8011F4179BF00CFD1B8 /* PBXTargetDependency */,
			);
			name = FirstTests;
			productName = FirstTests;
			productReference = B1ADE7FF1F4179BF00CFD1B8 /* FirstTests.xctest */;
			productType = "com.apple.product-type.bundle.unit-test";
		};
		B1ADE8091F4179BF00CFD1B8 /* FirstUITests */ = {
			isa = PBXNativeTarget;
			buildConfigurationList = B1ADE8191F4179BF00CFD1B8 /* Build configuration list for PBXNativeTarget "FirstUITests" */;
			buildPhases = (
				B1ADE8061F4179BF00CFD1B8 /* Sources */,
				B1ADE8071F4179BF00CFD1B8 /* Frameworks */,
				B1ADE8081F4179BF00CFD1B8 /* Resources */,
			);
			buildRules = (
			);
			dependencies = (
				B1ADE80C1F4179BF00CFD1B8 /* PBXTargetDependency */,
			);
			name = FirstUITests;
			productName = FirstUITests;
			productReference = B1ADE80A1F4179BF00CFD1B8 /* FirstUITests.xctest */;
			productType = "com.apple.product-type.bundle.ui-testing";
		};
/* End PBXNativeTarget section */

/* Begin PBXProject section */
		B1ADE7DE1F4179BF00CFD1B8 /* Project object */ = {
			isa = PBXProject;
			attributes = {
				LastUpgradeCheck = 0830;
				ORGANIZATIONNAME = "安昌";
				TargetAttributes = {
					B1ADE7E51F4179BF00CFD1B8 = {
						CreatedOnToolsVersion = 8.3.3;
						ProvisioningStyle = Automatic;
					};
					B1ADE7FE1F4179BF00CFD1B8 = {
						CreatedOnToolsVersion = 8.3.3;
						ProvisioningStyle = Automatic;
						TestTargetID = B1ADE7E51F4179BF00CFD1B8;
					};
					B1ADE8091F4179BF00CFD1B8 = {
						CreatedOnToolsVersion = 8.3.3;
						ProvisioningStyle = Automatic;
						TestTargetID = B1ADE7E51F4179BF00CFD1B8;
					};
				};
			};
			buildConfigurationList = B1ADE7E11F4179BF00CFD1B8 /* Build configuration list for PBXProject "First" */;
			compatibilityVersion = "Xcode 3.2";
			developmentRegion = English;
			hasScannedForEncodings = 0;
			knownRegions = (
				en,
				Base,
			);
			mainGroup = B1ADE7DD1F4179BF00CFD1B8;
			productRefGroup = B1ADE7E71F4179BF00CFD1B8 /* Products */;
			projectDirPath = "";
			projectRoot = "";
			targets = (
				B1ADE7E51F4179BF00CFD1B8 /* First */,
				B1ADE7FE1F4179BF00CFD1B8 /* FirstTests */,
				B1ADE8091F4179BF00CFD1B8 /* FirstUITests */,
			);
		};
/* End PBXProject section */

/* Begin PBXResourcesBuildPhase section */
		B1ADE7E41F4179BF00CFD1B8 /* Resources */ = {
			isa = PBXResourcesBuildPhase;
			buildActionMask = 2147483647;
			files = (
				B1ADE9051F42DED600CFD1B8 /* Podfile in Resources */,
				B1ADE7F91F4179BF00CFD1B8 /* LaunchScreen.storyboard in Resources */,
				B1ADE7F61F4179BF00CFD1B8 /* Assets.xcassets in Resources */,
				B1ADE7F41F4179BF00CFD1B8 /* Main.storyboard in Resources */,
				B1ADE8AF1F41816400CFD1B8 /* First.podspec in Resources */,
			);
			runOnlyForDeploymentPostprocessing = 0;
		};
		B1ADE7FD1F4179BF00CFD1B8 /* Resources */ = {
			isa = PBXResourcesBuildPhase;
			buildActionMask = 2147483647;
			files = (
			);
			runOnlyForDeploymentPostprocessing = 0;
		};
		B1ADE8081F4179BF00CFD1B8 /* Resources */ = {
			isa = PBXResourcesBuildPhase;
			buildActionMask = 2147483647;
			files = (
			);
			runOnlyForDeploymentPostprocessing = 0;
		};
/* End PBXResourcesBuildPhase section */

/* Begin PBXShellScriptBuildPhase section */
		732CA2023B913342F95F5D37 /* [CP] Embed Pods Frameworks */ = {
			isa = PBXShellScriptBuildPhase;
			buildActionMask = 2147483647;
			files = (
			);
			inputPaths = (
			);
			name = "[CP] Embed Pods Frameworks";
			outputPaths = (
			);
			runOnlyForDeploymentPostprocessing = 0;
			shellPath = /bin/sh;
			shellScript = "\"${SRCROOT}/Pods/Target Support Files/Pods-First/Pods-First-frameworks.sh\"\n";
			showEnvVarsInLog = 0;
		};
		769C9A95E96C96BFB16A26BF /* [CP] Check Pods Manifest.lock */ = {
			isa = PBXShellScriptBuildPhase;
			buildActionMask = 2147483647;
			files = (
			);
			inputPaths = (
				"${PODS_PODFILE_DIR_PATH}/Podfile.lock",
				"${PODS_ROOT}/Manifest.lock",
			);
			name = "[CP] Check Pods Manifest.lock";
			outputPaths = (
				"$(DERIVED_FILE_DIR)/Pods-First-checkManifestLockResult.txt",
			);
			runOnlyForDeploymentPostprocessing = 0;
			shellPath = /bin/sh;
			shellScript = "diff \"${PODS_PODFILE_DIR_PATH}/Podfile.lock\" \"${PODS_ROOT}/Manifest.lock\" > /dev/null\nif [ $? != 0 ] ; then\n    # print error to STDERR\n    echo \"error: The sandbox is not in sync with the Podfile.lock. Run 'pod install' or update your CocoaPods installation.\" >&2\n    exit 1\nfi\n# This output is used by Xcode 'outputs' to avoid re-running this script phase.\necho \"SUCCESS\" > \"${SCRIPT_OUTPUT_FILE_0}\"\n";
			showEnvVarsInLog = 0;
		};
		E1A2295293F398B6FED8EB29 /* [CP] Copy Pods Resources */ = {
			isa = PBXShellScriptBuildPhase;
			buildActionMask = 2147483647;
			files = (
			);
			inputPaths = (
			);
			name = "[CP] Copy Pods Resources";
			outputPaths = (
			);
			runOnlyForDeploymentPostprocessing = 0;
			shellPath = /bin/sh;
			shellScript = "\"${SRCROOT}/Pods/Target Support Files/Pods-First/Pods-First-resources.sh\"\n";
			showEnvVarsInLog = 0;
		};
/* End PBXShellScriptBuildPhase section */

/* Begin PBXSourcesBuildPhase section */
		B1ADE7E21F4179BF00CFD1B8 /* Sources */ = {
			isa = PBXSourcesBuildPhase;
			buildActionMask = 2147483647;
			files = (
				B1ADE8941F417B4500CFD1B8 /* FirstViewController.m in Sources */,
				B1ADE7F11F4179BF00CFD1B8 /* ViewController.m in Sources */,
				B1ADE7EE1F4179BF00CFD1B8 /* AppDelegate.m in Sources */,
				B1ADE8911F417B4500CFD1B8 /* Connector_First.m in Sources */,
				B1ADE8931F417B4500CFD1B8 /* FirstDetailViewController.m in Sources */,
				B1ADE91D1F43DEAF00CFD1B8 /* HLAudioPlayer.m in Sources */,
				B1ADE8921F417B4500CFD1B8 /* DetailPlugin.m in Sources */,
				B1ADE8951F417B4500CFD1B8 /* FirstViewUserInfo.m in Sources */,
				B1ADE7EB1F4179BF00CFD1B8 /* main.m in Sources */,
			);
			runOnlyForDeploymentPostprocessing = 0;
		};
		B1ADE7FB1F4179BF00CFD1B8 /* Sources */ = {
			isa = PBXSourcesBuildPhase;
			buildActionMask = 2147483647;
			files = (
				B1ADE8041F4179BF00CFD1B8 /* FirstTests.m in Sources */,
			);
			runOnlyForDeploymentPostprocessing = 0;
		};
		B1ADE8061F4179BF00CFD1B8 /* Sources */ = {
			isa = PBXSourcesBuildPhase;
			buildActionMask = 2147483647;
			files = (
				B1ADE80F1F4179BF00CFD1B8 /* FirstUITests.m in Sources */,
			);
			runOnlyForDeploymentPostprocessing = 0;
		};
/* End PBXSourcesBuildPhase section */

/* Begin PBXTargetDependency section */
		B1ADE8011F4179BF00CFD1B8 /* PBXTargetDependency */ = {
			isa = PBXTargetDependency;
			target = B1ADE7E51F4179BF00CFD1B8 /* First */;
			targetProxy = B1ADE8001F4179BF00CFD1B8 /* PBXContainerItemProxy */;
		};
		B1ADE80C1F4179BF00CFD1B8 /* PBXTargetDependency */ = {
			isa = PBXTargetDependency;
			target = B1ADE7E51F4179BF00CFD1B8 /* First */;
			targetProxy = B1ADE80B1F4179BF00CFD1B8 /* PBXContainerItemProxy */;
		};
/* End PBXTargetDependency section */

/* Begin PBXVariantGroup section */
		B1ADE7F21F4179BF00CFD1B8 /* Main.storyboard */ = {
			isa = PBXVariantGroup;
			children = (
				B1ADE7F31F4179BF00CFD1B8 /* Base */,
			);
			name = Main.storyboard;
			sourceTree = "<group>";
		};
		B1ADE7F71F4179BF00CFD1B8 /* LaunchScreen.storyboard */ = {
			isa = PBXVariantGroup;
			children = (
				B1ADE7F81F4179BF00CFD1B8 /* Base */,
			);
			name = LaunchScreen.storyboard;
			sourceTree = "<group>";
		};
/* End PBXVariantGroup section */

/* Begin XCBuildConfiguration section */
		B1ADE8111F4179BF00CFD1B8 /* Debug */ = {
			isa = XCBuildConfiguration;
			buildSettings = {
				ALWAYS_SEARCH_USER_PATHS = NO;
				CLANG_ANALYZER_NONNULL = YES;
				CLANG_ANALYZER_NUMBER_OBJECT_CONVERSION = YES_AGGRESSIVE;
				CLANG_CXX_LANGUAGE_STANDARD = "gnu++0x";
				CLANG_CXX_LIBRARY = "libc++";
				CLANG_ENABLE_MODULES = YES;
				CLANG_ENABLE_OBJC_ARC = YES;
				CLANG_WARN_BOOL_CONVERSION = YES;
				CLANG_WARN_CONSTANT_CONVERSION = YES;
				CLANG_WARN_DIRECT_OBJC_ISA_USAGE = YES_ERROR;
				CLANG_WARN_DOCUMENTATION_COMMENTS = YES;
				CLANG_WARN_EMPTY_BODY = YES;
				CLANG_WARN_ENUM_CONVERSION = YES;
				CLANG_WARN_INFINITE_RECURSION = YES;
				CLANG_WARN_INT_CONVERSION = YES;
				CLANG_WARN_OBJC_ROOT_CLASS = YES_ERROR;
				CLANG_WARN_SUSPICIOUS_MOVE = YES;
				CLANG_WARN_UNREACHABLE_CODE = YES;
				CLANG_WARN__DUPLICATE_METHOD_MATCH = YES;
				"CODE_SIGN_IDENTITY[sdk=iphoneos*]" = "iPhone Developer";
				COPY_PHASE_STRIP = NO;
				DEBUG_INFORMATION_FORMAT = dwarf;
				ENABLE_STRICT_OBJC_MSGSEND = YES;
				ENABLE_TESTABILITY = YES;
				GCC_C_LANGUAGE_STANDARD = gnu99;
				GCC_DYNAMIC_NO_PIC = NO;
				GCC_NO_COMMON_BLOCKS = YES;
				GCC_OPTIMIZATION_LEVEL = 0;
				GCC_PREPROCESSOR_DEFINITIONS = (
					"DEBUG=1",
					"$(inherited)",
				);
				GCC_WARN_64_TO_32_BIT_CONVERSION = YES;
				GCC_WARN_ABOUT_RETURN_TYPE = YES_ERROR;
				GCC_WARN_UNDECLARED_SELECTOR = YES;
				GCC_WARN_UNINITIALIZED_AUTOS = YES_AGGRESSIVE;
				GCC_WARN_UNUSED_FUNCTION = YES;
				GCC_WARN_UNUSED_VARIABLE = YES;
				IPHONEOS_DEPLOYMENT_TARGET = 10.3;
				MTL_ENABLE_DEBUG_INFO = YES;
				ONLY_ACTIVE_ARCH = YES;
				SDKROOT = iphoneos;
				TARGETED_DEVICE_FAMILY = "1,2";
			};
			name = Debug;
		};
		B1ADE8121F4179BF00CFD1B8 /* Release */ = {
			isa = XCBuildConfiguration;
			buildSettings = {
				ALWAYS_SEARCH_USER_PATHS = NO;
				CLANG_ANALYZER_NONNULL = YES;
				CLANG_ANALYZER_NUMBER_OBJECT_CONVERSION = YES_AGGRESSIVE;
				CLANG_CXX_LANGUAGE_STANDARD = "gnu++0x";
				CLANG_CXX_LIBRARY = "libc++";
				CLANG_ENABLE_MODULES = YES;
				CLANG_ENABLE_OBJC_ARC = YES;
				CLANG_WARN_BOOL_CONVERSION = YES;
				CLANG_WARN_CONSTANT_CONVERSION = YES;
				CLANG_WARN_DIRECT_OBJC_ISA_USAGE = YES_ERROR;
				CLANG_WARN_DOCUMENTATION_COMMENTS = YES;
				CLANG_WARN_EMPTY_BODY = YES;
				CLANG_WARN_ENUM_CONVERSION = YES;
				CLANG_WARN_INFINITE_RECURSION = YES;
				CLANG_WARN_INT_CONVERSION = YES;
				CLANG_WARN_OBJC_ROOT_CLASS = YES_ERROR;
				CLANG_WARN_SUSPICIOUS_MOVE = YES;
				CLANG_WARN_UNREACHABLE_CODE = YES;
				CLANG_WARN__DUPLICATE_METHOD_MATCH = YES;
				"CODE_SIGN_IDENTITY[sdk=iphoneos*]" = "iPhone Developer";
				COPY_PHASE_STRIP = NO;
				DEBUG_INFORMATION_FORMAT = "dwarf-with-dsym";
				ENABLE_NS_ASSERTIONS = NO;
				ENABLE_STRICT_OBJC_MSGSEND = YES;
				GCC_C_LANGUAGE_STANDARD = gnu99;
				GCC_NO_COMMON_BLOCKS = YES;
				GCC_WARN_64_TO_32_BIT_CONVERSION = YES;
				GCC_WARN_ABOUT_RETURN_TYPE = YES_ERROR;
				GCC_WARN_UNDECLARED_SELECTOR = YES;
				GCC_WARN_UNINITIALIZED_AUTOS = YES_AGGRESSIVE;
				GCC_WARN_UNUSED_FUNCTION = YES;
				GCC_WARN_UNUSED_VARIABLE = YES;
				IPHONEOS_DEPLOYMENT_TARGET = 10.3;
				MTL_ENABLE_DEBUG_INFO = NO;
				SDKROOT = iphoneos;
				TARGETED_DEVICE_FAMILY = "1,2";
				VALIDATE_PRODUCT = YES;
			};
			name = Release;
		};
		B1ADE8141F4179BF00CFD1B8 /* Debug */ = {
			isa = XCBuildConfiguration;
			baseConfigurationReference = 3C573B2C6541881D03429A64 /* Pods-First.debug.xcconfig */;
			buildSettings = {
				ASSETCATALOG_COMPILER_APPICON_NAME = AppIcon;
				GCC_PREFIX_HEADER = First/PrefixHeader.pch;
				INFOPLIST_FILE = First/Info.plist;
				LD_RUNPATH_SEARCH_PATHS = "$(inherited) @executable_path/Frameworks";
				PRODUCT_BUNDLE_IDENTIFIER = ddd.First;
				PRODUCT_NAME = "$(TARGET_NAME)";
			};
			name = Debug;
		};
		B1ADE8151F4179BF00CFD1B8 /* Release */ = {
			isa = XCBuildConfiguration;
			baseConfigurationReference = D9519C41CED27DCFA0BAA410 /* Pods-First.release.xcconfig */;
			buildSettings = {
				ASSETCATALOG_COMPILER_APPICON_NAME = AppIcon;
				GCC_PREFIX_HEADER = First/PrefixHeader.pch;
				INFOPLIST_FILE = First/Info.plist;
				LD_RUNPATH_SEARCH_PATHS = "$(inherited) @executable_path/Frameworks";
				PRODUCT_BUNDLE_IDENTIFIER = ddd.First;
				PRODUCT_NAME = "$(TARGET_NAME)";
			};
			name = Release;
		};
		B1ADE8171F4179BF00CFD1B8 /* Debug */ = {
			isa = XCBuildConfiguration;
			buildSettings = {
				BUNDLE_LOADER = "$(TEST_HOST)";
				INFOPLIST_FILE = FirstTests/Info.plist;
				LD_RUNPATH_SEARCH_PATHS = "$(inherited) @executable_path/Frameworks @loader_path/Frameworks";
				PRODUCT_BUNDLE_IDENTIFIER = ddd.FirstTests;
				PRODUCT_NAME = "$(TARGET_NAME)";
				TEST_HOST = "$(BUILT_PRODUCTS_DIR)/First.app/First";
			};
			name = Debug;
		};
		B1ADE8181F4179BF00CFD1B8 /* Release */ = {
			isa = XCBuildConfiguration;
			buildSettings = {
				BUNDLE_LOADER = "$(TEST_HOST)";
				INFOPLIST_FILE = FirstTests/Info.plist;
				LD_RUNPATH_SEARCH_PATHS = "$(inherited) @executable_path/Frameworks @loader_path/Frameworks";
				PRODUCT_BUNDLE_IDENTIFIER = ddd.FirstTests;
				PRODUCT_NAME = "$(TARGET_NAME)";
				TEST_HOST = "$(BUILT_PRODUCTS_DIR)/First.app/First";
			};
			name = Release;
		};
		B1ADE81A1F4179BF00CFD1B8 /* Debug */ = {
			isa = XCBuildConfiguration;
			buildSettings = {
				INFOPLIST_FILE = FirstUITests/Info.plist;
				LD_RUNPATH_SEARCH_PATHS = "$(inherited) @executable_path/Frameworks @loader_path/Frameworks";
				PRODUCT_BUNDLE_IDENTIFIER = ddd.FirstUITests;
				PRODUCT_NAME = "$(TARGET_NAME)";
				TEST_TARGET_NAME = First;
			};
			name = Debug;
		};
		B1ADE81B1F4179BF00CFD1B8 /* Release */ = {
			isa = XCBuildConfiguration;
			buildSettings = {
				INFOPLIST_FILE = FirstUITests/Info.plist;
				LD_RUNPATH_SEARCH_PATHS = "$(inherited) @executable_path/Frameworks @loader_path/Frameworks";
				PRODUCT_BUNDLE_IDENTIFIER = ddd.FirstUITests;
				PRODUCT_NAME = "$(TARGET_NAME)";
				TEST_TARGET_NAME = First;
			};
			name = Release;
		};
/* End XCBuildConfiguration section */

/* Begin XCConfigurationList section */
		B1ADE7E11F4179BF00CFD1B8 /* Build configuration list for PBXProject "First" */ = {
			isa = XCConfigurationList;
			buildConfigurations = (
				B1ADE8111F4179BF00CFD1B8 /* Debug */,
				B1ADE8121F4179BF00CFD1B8 /* Release */,
			);
			defaultConfigurationIsVisible = 0;
			defaultConfigurationName = Release;
		};
		B1ADE8131F4179BF00CFD1B8 /* Build configuration list for PBXNativeTarget "First" */ = {
			isa = XCConfigurationList;
			buildConfigurations = (
				B1ADE8141F4179BF00CFD1B8 /* Debug */,
				B1ADE8151F4179BF00CFD1B8 /* Release */,
			);
			defaultConfigurationIsVisible = 0;
			defaultConfigurationName = Release;
		};
		B1ADE8161F4179BF00CFD1B8 /* Build configuration list for PBXNativeTarget "FirstTests" */ = {
			isa = XCConfigurationList;
			buildConfigurations = (
				B1ADE8171F4179BF00CFD1B8 /* Debug */,
				B1ADE8181F4179BF00CFD1B8 /* Release */,
			);
			defaultConfigurationIsVisible = 0;
			defaultConfigurationName = Release;
		};
		B1ADE8191F4179BF00CFD1B8 /* Build configuration list for PBXNativeTarget "FirstUITests" */ = {
			isa = XCConfigurationList;
			buildConfigurations = (
				B1ADE81A1F4179BF00CFD1B8 /* Debug */,
				B1ADE81B1F4179BF00CFD1B8 /* Release */,
			);
			defaultConfigurationIsVisible = 0;
			defaultConfigurationName = Release;
		};
/* End XCConfigurationList section */
	};
	rootObject = B1ADE7DE1F4179BF00CFD1B8 /* Project object */;
}
